github.com/x-clone/go-ole v1.2.7-0.20220122120600-5750a22bcfc9 h1:F046mh0lItW8wLHuHpG9Km7PiPZKOOyO9RsssI6zaXI=
github.com/x-clone/go-ole v1.2.7-0.20220122120600-5750a22bcfc9/go.mod h1:wYd0YGsfArx+tgBPqdoYAJ4D2HnAQ+Ouo/Xo40j5nu0=
golang.org/x/sys v0.0.0-20220114195835-da31bd327af9 h1:XfKQ4OlFl8okEOr5UvAqFRVj8pY/4yfcXrddB8qAbU0=
golang.org/x/sys v0.0.0-20220114195835-da31bd327af9/go.mod h1:oPkhp1MJrh7nUepCBck5+mAzfO9JrbApNNgaTdGDITg=
